
Microsoft Visual Studio Solution File, Format Version 12.00
# Visual Studio 15
VisualStudioVersion = 15.0.26124.0
MinimumVisualStudioVersion = 15.0.26124.0
Project("{2150E333-8FDC-42A3-9474-1A3956D46DE8}") = "src", "src", "{3044E21E-C02C-4C4E-A073-BE30066E8CC8}"
EndProject
Project("{FAE04EC0-301F-11D3-BF4B-00C04F79EFBC}") = "Atlassian.Authentication.Helper", "src\Atlassian.Authentication.Helper\Atlassian.Authentication.Helper.csproj", "{40B96B1F-6BF9-44F1-A681-A26E9F7031CF}"
EndProject
Global
	GlobalSection(SolutionConfigurationPlatforms) = preSolution
		Debug|Any CPU = Debug|Any CPU
		Debug|x64 = Debug|x64
		Debug|x86 = Debug|x86
		Release|Any CPU = Release|Any CPU
		Release|x64 = Release|x64
		Release|x86 = Release|x86
	EndGlobalSection
	GlobalSection(SolutionProperties) = preSolution
		HideSolutionNode = FALSE
	EndGlobalSection
	GlobalSection(ProjectConfigurationPlatforms) = postSolution
		{40B96B1F-6BF9-44F1-A681-A26E9F7031CF}.Debug|Any CPU.ActiveCfg = Debug|Any CPU
		{40B96B1F-6BF9-44F1-A681-A26E9F7031CF}.Debug|Any CPU.Build.0 = Debug|Any CPU
		{40B96B1F-6BF9-44F1-A681-A26E9F7031CF}.Debug|x64.ActiveCfg = Debug|Any CPU
		{40B96B1F-6BF9-44F1-A681-A26E9F7031CF}.Debug|x64.Build.0 = Debug|Any CPU
		{40B96B1F-6BF9-44F1-A681-A26E9F7031CF}.Debug|x86.ActiveCfg = Debug|Any CPU
		{40B96B1F-6BF9-44F1-A681-A26E9F7031CF}.Debug|x86.Build.0 = Debug|Any CPU
		{40B96B1F-6BF9-44F1-A681-A26E9F7031CF}.Release|Any CPU.ActiveCfg = Release|Any CPU
		{40B96B1F-6BF9-44F1-A681-A26E9F7031CF}.Release|Any CPU.Build.0 = Release|Any CPU
		{40B96B1F-6BF9-44F1-A681-A26E9F7031CF}.Release|x64.ActiveCfg = Release|Any CPU
		{40B96B1F-6BF9-44F1-A681-A26E9F7031CF}.Release|x64.Build.0 = Release|Any CPU
		{40B96B1F-6BF9-44F1-A681-A26E9F7031CF}.Release|x86.ActiveCfg = Release|Any CPU
		{40B96B1F-6BF9-44F1-A681-A26E9F7031CF}.Release|x86.Build.0 = Release|Any CPU
	EndGlobalSection
	GlobalSection(NestedProjects) = preSolution
		{40B96B1F-6BF9-44F1-A681-A26E9F7031CF} = {3044E21E-C02C-4C4E-A073-BE30066E8CC8}
	EndGlobalSection
EndGlobal
